{
  "name": "express-fix-endpoints-get-js",
  "version": "1.3.3",
  "lockfileVersion": 3,
  "requires": true,
  "packages": {
    "": {
      "name": "express-fix-endpoints-get-js",
      "version": "1.3.3",
      "dependencies": {
        "express-fix-any-js": "^1.3.7"
      },
      "bin": {
        "express-fix-endpoints-get-js": "bin/cli.js"
      }
    },
    "node_modules/express-fix-any-js": {
      "version": "1.3.7",
      "resolved": "https://registry.npmjs.org/express-fix-any-js/-/express-fix-any-js-1.3.7.tgz",
      "integrity": "sha512-Qmzt18hRi/R+KJq4BeqvRK+88jfvvtxWRTsar8zhK8UjRcz31lOlBfFgBs5JEMLCuiLIRGQp9qWbKwBqt9WLxQ==",
      "bin": {
        "express-fix-any-js": "bin/cli.js"
      }
    }
  }
}
